
Microsoft Visual Studio Solution File, Format Version 12.00
# Visual Studio Version 17
VisualStudioVersion = 17.10.35004.147
MinimumVisualStudioVersion = 10.0.40219.1
Project("{FAE04EC0-301F-11D3-BF4B-00C04F79EFBC}") = "adressbook_tests_autoit", "adressbook_tests_autoit.csproj", "{F5CFAA8A-1699-4780-9C93-DCF71D68C2E5}"
EndProject
Global
	GlobalSection(SolutionConfigurationPlatforms) = preSolution
		Debug|Any CPU = Debug|Any CPU
		Release|Any CPU = Release|Any CPU
	EndGlobalSection
	GlobalSection(ProjectConfigurationPlatforms) = postSolution
		{F5CFAA8A-1699-4780-9C93-DCF71D68C2E5}.Debug|Any CPU.ActiveCfg = Debug|Any CPU
		{F5CFAA8A-1699-4780-9C93-DCF71D68C2E5}.Debug|Any CPU.Build.0 = Debug|Any CPU
		{F5CFAA8A-1699-4780-9C93-DCF71D68C2E5}.Release|Any CPU.ActiveCfg = Release|Any CPU
		{F5CFAA8A-1699-4780-9C93-DCF71D68C2E5}.Release|Any CPU.Build.0 = Release|Any CPU
	EndGlobalSection
	GlobalSection(SolutionProperties) = preSolution
		HideSolutionNode = FALSE
	EndGlobalSection
	GlobalSection(ExtensibilityGlobals) = postSolution
		SolutionGuid = {E5A5C54E-C1ED-4696-8E24-31750DE2E57C}
	EndGlobalSection
EndGlobal
