
Microsoft Visual Studio Solution File, Format Version 12.00
# Visual Studio Version 17
VisualStudioVersion = 17.10.35004.147
MinimumVisualStudioVersion = 10.0.40219.1
Project("{FAE04EC0-301F-11D3-BF4B-00C04F79EFBC}") = "mantisBt", "mantisBt.csproj", "{3B8EAD6A-380A-46CF-AAD4-D637342DC861}"
EndProject
Global
	GlobalSection(SolutionConfigurationPlatforms) = preSolution
		Debug|Any CPU = Debug|Any CPU
		Release|Any CPU = Release|Any CPU
	EndGlobalSection
	GlobalSection(ProjectConfigurationPlatforms) = postSolution
		{3B8EAD6A-380A-46CF-AAD4-D637342DC861}.Debug|Any CPU.ActiveCfg = Debug|Any CPU
		{3B8EAD6A-380A-46CF-AAD4-D637342DC861}.Debug|Any CPU.Build.0 = Debug|Any CPU
		{3B8EAD6A-380A-46CF-AAD4-D637342DC861}.Release|Any CPU.ActiveCfg = Release|Any CPU
		{3B8EAD6A-380A-46CF-AAD4-D637342DC861}.Release|Any CPU.Build.0 = Release|Any CPU
	EndGlobalSection
	GlobalSection(SolutionProperties) = preSolution
		HideSolutionNode = FALSE
	EndGlobalSection
	GlobalSection(ExtensibilityGlobals) = postSolution
		SolutionGuid = {FACE798B-9756-4564-8EC3-6C6ACF9C042A}
	EndGlobalSection
EndGlobal
